
Microsoft Visual Studio Solution File, Format Version 12.00
# Visual Studio Version 16
VisualStudioVersion = 16.0.29215.179
MinimumVisualStudioVersion = 10.0.40219.1
Project("{FAE04EC0-301F-11D3-BF4B-00C04F79EFBC}") = "SpringfieldReactor", "SpringfieldReactor\SpringfieldReactor.csproj", "{C3053375-B67F-4F18-86F8-550ECA973740}"
EndProject
Global
	GlobalSection(SolutionConfigurationPlatforms) = preSolution
		Debug|Any CPU = Debug|Any CPU
		Release|Any CPU = Release|Any CPU
	EndGlobalSection
	GlobalSection(ProjectConfigurationPlatforms) = postSolution
		{C3053375-B67F-4F18-86F8-550ECA973740}.Debug|Any CPU.ActiveCfg = Debug|Any CPU
		{C3053375-B67F-4F18-86F8-550ECA973740}.Debug|Any CPU.Build.0 = Debug|Any CPU
		{C3053375-B67F-4F18-86F8-550ECA973740}.Release|Any CPU.ActiveCfg = Release|Any CPU
		{C3053375-B67F-4F18-86F8-550ECA973740}.Release|Any CPU.Build.0 = Release|Any CPU
	EndGlobalSection
	GlobalSection(SolutionProperties) = preSolution
		HideSolutionNode = FALSE
	EndGlobalSection
	GlobalSection(ExtensibilityGlobals) = postSolution
		SolutionGuid = {FFBA09A0-29D0-4785-B720-3F57EE505B1A}
	EndGlobalSection
EndGlobal
